
Microsoft Visual Studio Solution File, Format Version 12.00
# Visual Studio Version 17
VisualStudioVersion = 17.7.34009.444
MinimumVisualStudioVersion = 10.0.40219.1
Project("{2150E333-8FDC-42A3-9474-1A3956D46DE8}") = "Solution Items", "Solution Items", "{990A5C56-32C6-4BBC-A3A7-AB3CE88D3A65}"
	ProjectSection(SolutionItems) = preProject
		Mentions.txt = Mentions.txt
		README.md = README.md
	EndProjectSection
EndProject
Project("{9A19103F-16F7-4668-BE54-9A1E7A4F7556}") = "Lekha.Csv.Converter", "Lekha.Csv.Converter\Lekha.Csv.Converter.csproj", "{AB41D3BA-52D4-4563-B830-CA3BB89DBB76}"
EndProject
Project("{9A19103F-16F7-4668-BE54-9A1E7A4F7556}") = "Lekha.Csv.Converter.Tests", "Lekha.Csv.Converter.Tests\Lekha.Csv.Converter.Tests.csproj", "{95B95485-DF59-4586-A492-F7F259091931}"
EndProject
Project("{9A19103F-16F7-4668-BE54-9A1E7A4F7556}") = "Lekha.Csv.Converter.Sample", "Lekha.Csv.Converter.Sample\Lekha.Csv.Converter.Sample.csproj", "{CC4B6FFE-683E-48D9-978B-6795172453FD}"
EndProject
Global
	GlobalSection(SolutionConfigurationPlatforms) = preSolution
		Debug|Any CPU = Debug|Any CPU
		Release|Any CPU = Release|Any CPU
	EndGlobalSection
	GlobalSection(ProjectConfigurationPlatforms) = postSolution
		{AB41D3BA-52D4-4563-B830-CA3BB89DBB76}.Debug|Any CPU.ActiveCfg = Debug|Any CPU
		{AB41D3BA-52D4-4563-B830-CA3BB89DBB76}.Debug|Any CPU.Build.0 = Debug|Any CPU
		{AB41D3BA-52D4-4563-B830-CA3BB89DBB76}.Release|Any CPU.ActiveCfg = Release|Any CPU
		{AB41D3BA-52D4-4563-B830-CA3BB89DBB76}.Release|Any CPU.Build.0 = Release|Any CPU
		{95B95485-DF59-4586-A492-F7F259091931}.Debug|Any CPU.ActiveCfg = Debug|Any CPU
		{95B95485-DF59-4586-A492-F7F259091931}.Debug|Any CPU.Build.0 = Debug|Any CPU
		{95B95485-DF59-4586-A492-F7F259091931}.Release|Any CPU.ActiveCfg = Release|Any CPU
		{95B95485-DF59-4586-A492-F7F259091931}.Release|Any CPU.Build.0 = Release|Any CPU
		{CC4B6FFE-683E-48D9-978B-6795172453FD}.Debug|Any CPU.ActiveCfg = Debug|Any CPU
		{CC4B6FFE-683E-48D9-978B-6795172453FD}.Debug|Any CPU.Build.0 = Debug|Any CPU
		{CC4B6FFE-683E-48D9-978B-6795172453FD}.Release|Any CPU.ActiveCfg = Release|Any CPU
		{CC4B6FFE-683E-48D9-978B-6795172453FD}.Release|Any CPU.Build.0 = Release|Any CPU
	EndGlobalSection
	GlobalSection(SolutionProperties) = preSolution
		HideSolutionNode = FALSE
	EndGlobalSection
	GlobalSection(ExtensibilityGlobals) = postSolution
		SolutionGuid = {57C18A7F-7223-4346-B708-4755AE3CE67C}
	EndGlobalSection
EndGlobal
